<?xml version="1.0" encoding="utf-8"?>
<Project ToolsVersion="4.0" xmlns="http://schemas.microsoft.com/developer/msbuild/2003">
  <ItemGroup>
    <Filter Include="Source Files">
      <UniqueIdentifier>{4FC737F1-C7A5-4376-A066-2A32D752A2FF}</UniqueIdentifier>
      <Extensions>cpp;c;cc;cxx;c++;cppm;ixx;def;odl;idl;hpj;bat;asm;asmx</Extensions>
    </Filter>
    <Filter Include="Resource Files">
      <UniqueIdentifier>{67DA6AB6-F800-4c08-8B7A-83BB121AAD01}</UniqueIdentifier>
      <Extensions>rc;ico;cur;bmp;dlg;rc2;rct;bin;rgs;gif;jpg;jpeg;jpe;resx;tiff;tif;png;wav;mfcribbon-ms</Extensions>
    </Filter>
    <Filter Include="Source Files\Date">
      <UniqueIdentifier>{10cbd651-94e1-45b3-9f88-eda16d6def61}</UniqueIdentifier>
    </Filter>
    <Filter Include="External Files">
      <UniqueIdentifier>{8c3dafb1-01f9-4ee5-9fe1-c3d3d9f50775}</UniqueIdentifier>
    </Filter>
    <Filter Include="External Files\Window">
      <UniqueIdentifier>{43185900-c0ce-4c6c-9e3c-cb1df5c2ad0f}</UniqueIdentifier>
    </Filter>
    <Filter Include="Source Files\Homework">
      <UniqueIdentifier>{ccd9d9e3-d77b-488c-be19-180a54988900}</UniqueIdentifier>
    </Filter>
    <Filter Include="Source Files\Lesson">
      <UniqueIdentifier>{d178920f-6344-45af-8962-ccb9b30726b0}</UniqueIdentifier>
    </Filter>
    <Filter Include="Source Files\IFormatToString">
      <UniqueIdentifier>{c50e276d-d1b2-487b-8e55-e55d7b74d16a}</UniqueIdentifier>
    </Filter>
    <Filter Include="Source Files\HomeworkSelect">
      <UniqueIdentifier>{c1fc184c-2474-4e20-8e3d-01296fc710ce}</UniqueIdentifier>
    </Filter>
    <Filter Include="Source Files\IInputModule">
      <UniqueIdentifier>{2f5b24bd-2663-4975-b4a8-97dfca65c224}</UniqueIdentifier>
    </Filter>
    <Filter Include="Source Files\IRenderModule">
      <UniqueIdentifier>{364cbd7d-ffb0-494d-ac02-34f7032503eb}</UniqueIdentifier>
    </Filter>
    <Filter Include="Source Files\Table">
      <UniqueIdentifier>{d270c0fd-1626-4637-8d03-09d143a2aa60}</UniqueIdentifier>
    </Filter>
    <Filter Include="Source Files\TableInp">
      <UniqueIdentifier>{c00739f8-b143-4d65-ae74-5864aac652e4}</UniqueIdentifier>
    </Filter>
    <Filter Include="Source Files\TableRend">
      <UniqueIdentifier>{e4afe1c6-7966-4c5d-bc6c-b45af1d58341}</UniqueIdentifier>
    </Filter>
  </ItemGroup>
  <ItemGroup>
    <ClCompile Include="main.cpp">
      <Filter>Source Files</Filter>
    </ClCompile>
    <ClCompile Include="date.cpp">
      <Filter>Source Files\Date</Filter>
    </ClCompile>
    <ClCompile Include="ext\Window.cpp">
      <Filter>External Files\Window</Filter>
    </ClCompile>
    <ClCompile Include="homework.cpp">
      <Filter>Source Files\Homework</Filter>
    </ClCompile>
    <ClCompile Include="lesson.cpp">
      <Filter>Source Files\Lesson</Filter>
    </ClCompile>
    <ClCompile Include="homeworkselect.cpp">
      <Filter>Source Files\HomeworkSelect</Filter>
    </ClCompile>
    <ClCompile Include="table.cpp">
      <Filter>Source Files\Table</Filter>
    </ClCompile>
    <ClCompile Include="tablecon.cpp">
      <Filter>Source Files\Table</Filter>
    </ClCompile>
  </ItemGroup>
  <ItemGroup>
    <ClInclude Include="date.h">
      <Filter>Source Files\Date</Filter>
    </ClInclude>
    <ClInclude Include="ext\Window.h">
      <Filter>External Files\Window</Filter>
    </ClInclude>
    <ClInclude Include="ext\WindowsLib.h">
      <Filter>External Files\Window</Filter>
    </ClInclude>
    <ClInclude Include="homework.h">
      <Filter>Source Files\Homework</Filter>
    </ClInclude>
    <ClInclude Include="iformattostring.h">
      <Filter>Source Files\IFormatToString</Filter>
    </ClInclude>
    <ClInclude Include="lesson.h">
      <Filter>Source Files\Lesson</Filter>
    </ClInclude>
    <ClInclude Include="homeworkselect.h">
      <Filter>Source Files\HomeworkSelect</Filter>
    </ClInclude>
    <ClInclude Include="iinputmodule.h">
      <Filter>Source Files\IInputModule</Filter>
    </ClInclude>
    <ClInclude Include="irendermodule.h">
      <Filter>Source Files\IRenderModule</Filter>
    </ClInclude>
    <ClInclude Include="week.h">
      <Filter>Source Files\Date</Filter>
    </ClInclude>
    <ClInclude Include="table.h">
      <Filter>Source Files\Table</Filter>
    </ClInclude>
  </ItemGroup>
</Project>