<?xml version="1.0" encoding="utf-8"?>
<Project ToolsVersion="4.0" xmlns="http://schemas.microsoft.com/developer/msbuild/2003">
  <ItemGroup>
    <Filter Include="Source Files">
      <UniqueIdentifier>{4FC737F1-C7A5-4376-A066-2A32D752A2FF}</UniqueIdentifier>
      <Extensions>cpp;c;cc;cxx;c++;cppm;ixx;def;odl;idl;hpj;bat;asm;asmx</Extensions>
    </Filter>
    <Filter Include="Resource Files">
      <UniqueIdentifier>{67DA6AB6-F800-4c08-8B7A-83BB121AAD01}</UniqueIdentifier>
      <Extensions>rc;ico;cur;bmp;dlg;rc2;rct;bin;rgs;gif;jpg;jpeg;jpe;resx;tiff;tif;png;wav;mfcribbon-ms</Extensions>
    </Filter>
    <Filter Include="Source Files\Date">
      <UniqueIdentifier>{10cbd651-94e1-45b3-9f88-eda16d6def61}</UniqueIdentifier>
    </Filter>
    <Filter Include="External Files">
      <UniqueIdentifier>{8c3dafb1-01f9-4ee5-9fe1-c3d3d9f50775}</UniqueIdentifier>
    </Filter>
    <Filter Include="External Files\Window">
      <UniqueIdentifier>{43185900-c0ce-4c6c-9e3c-cb1df5c2ad0f}</UniqueIdentifier>
    </Filter>
    <Filter Include="Source Files\Homework">
      <UniqueIdentifier>{ccd9d9e3-d77b-488c-be19-180a54988900}</UniqueIdentifier>
    </Filter>
    <Filter Include="Source Files\Lesson">
      <UniqueIdentifier>{d178920f-6344-45af-8962-ccb9b30726b0}</UniqueIdentifier>
    </Filter>
    <Filter Include="Source Files\HomeMGR">
      <UniqueIdentifier>{d6c8c6d5-d1e3-48fb-85f3-1744726f72ee}</UniqueIdentifier>
    </Filter>
    <Filter Include="Source Files\IInput">
      <UniqueIdentifier>{ea2999c0-4ed6-4a5c-a4fe-3eae90d6ee74}</UniqueIdentifier>
    </Filter>
    <Filter Include="Source Files\IRender">
      <UniqueIdentifier>{a545c58e-94b4-472d-ace1-8d41c2dda5ac}</UniqueIdentifier>
    </Filter>
    <Filter Include="Source Files\IFiler">
      <UniqueIdentifier>{ef797caf-2931-47be-b7fe-7de90955ca0e}</UniqueIdentifier>
    </Filter>
    <Filter Include="Source Files\ConsoleRender">
      <UniqueIdentifier>{18c38910-cce5-4393-805c-e5d710aaad67}</UniqueIdentifier>
    </Filter>
  </ItemGroup>
  <ItemGroup>
    <ClCompile Include="main.cpp">
      <Filter>Source Files</Filter>
    </ClCompile>
    <ClCompile Include="date.cpp">
      <Filter>Source Files\Date</Filter>
    </ClCompile>
    <ClCompile Include="ext\Window.cpp">
      <Filter>External Files\Window</Filter>
    </ClCompile>
    <ClCompile Include="homework.cpp">
      <Filter>Source Files\Homework</Filter>
    </ClCompile>
    <ClCompile Include="lesson.cpp">
      <Filter>Source Files\Lesson</Filter>
    </ClCompile>
    <ClCompile Include="homemgr.cpp">
      <Filter>Source Files\HomeMGR</Filter>
    </ClCompile>
    <ClCompile Include="console_render.cpp">
      <Filter>Source Files\ConsoleRender</Filter>
    </ClCompile>
  </ItemGroup>
  <ItemGroup>
    <ClInclude Include="date.h">
      <Filter>Source Files\Date</Filter>
    </ClInclude>
    <ClInclude Include="ext\Window.h">
      <Filter>External Files\Window</Filter>
    </ClInclude>
    <ClInclude Include="ext\WindowsLib.h">
      <Filter>External Files\Window</Filter>
    </ClInclude>
    <ClInclude Include="homework.h">
      <Filter>Source Files\Homework</Filter>
    </ClInclude>
    <ClInclude Include="lesson.h">
      <Filter>Source Files\Lesson</Filter>
    </ClInclude>
    <ClInclude Include="week.h">
      <Filter>Source Files\Date</Filter>
    </ClInclude>
    <ClInclude Include="homemgr.h">
      <Filter>Source Files\HomeMGR</Filter>
    </ClInclude>
    <ClInclude Include="irender.h">
      <Filter>Source Files\IRender</Filter>
    </ClInclude>
    <ClInclude Include="iinput.h">
      <Filter>Source Files\IInput</Filter>
    </ClInclude>
    <ClInclude Include="ifiler.h">
      <Filter>Source Files\IFiler</Filter>
    </ClInclude>
    <ClInclude Include="console_render.h">
      <Filter>Source Files\ConsoleRender</Filter>
    </ClInclude>
  </ItemGroup>
</Project>